{
  "name": "tracklint",
  "version": "0.4.0",
  "lockfileVersion": 3,
  "requires": true,
  "packages": {
    "": {
      "name": "tracklint",
      "version": "0.4.0",
      "license": "MIT",
      "bin": {
        "tracklint": "src/check.mjs"
      },
      "engines": {
        "node": ">=18"
      }
    }
  }
}
